{
  "requires": true,
  "lockfileVersion": 1,
  "dependencies": {
    "react-icomoon": {
      "version": "2.5.4",
      "resolved": "https://registry.npmjs.org/react-icomoon/-/react-icomoon-2.5.4.tgz",
      "integrity": "sha512-C+xh0F2rB3FyA+6MozU7WDTSj4UPr3BAy/mGqTLwfDA3zgt2RB+l25A7CecX9eHaM/feOSwCoEu/GGiDlK+nqg=="
    }
  }
}
